
Microsoft Visual Studio Solution File, Format Version 12.00
# Visual Studio Version 16
VisualStudioVersion = 16.0.29020.237
MinimumVisualStudioVersion = 10.0.40219.1
Project("{8BC9CEB8-8B4A-11D0-8D11-00A0C91BC942}") = "openCV practice", "openCV practice\openCV practice.vcxproj", "{BD6EFB8E-B49C-459E-8288-AD14500887E2}"
EndProject
Global
	GlobalSection(SolutionConfigurationPlatforms) = preSolution
		Debug|x64 = Debug|x64
		Debug|x86 = Debug|x86
		Release|x64 = Release|x64
		Release|x86 = Release|x86
	EndGlobalSection
	GlobalSection(ProjectConfigurationPlatforms) = postSolution
		{BD6EFB8E-B49C-459E-8288-AD14500887E2}.Debug|x64.ActiveCfg = Debug|x64
		{BD6EFB8E-B49C-459E-8288-AD14500887E2}.Debug|x64.Build.0 = Debug|x64
		{BD6EFB8E-B49C-459E-8288-AD14500887E2}.Debug|x86.ActiveCfg = Debug|Win32
		{BD6EFB8E-B49C-459E-8288-AD14500887E2}.Debug|x86.Build.0 = Debug|Win32
		{BD6EFB8E-B49C-459E-8288-AD14500887E2}.Release|x64.ActiveCfg = Release|x64
		{BD6EFB8E-B49C-459E-8288-AD14500887E2}.Release|x64.Build.0 = Release|x64
		{BD6EFB8E-B49C-459E-8288-AD14500887E2}.Release|x86.ActiveCfg = Release|Win32
		{BD6EFB8E-B49C-459E-8288-AD14500887E2}.Release|x86.Build.0 = Release|Win32
	EndGlobalSection
	GlobalSection(SolutionProperties) = preSolution
		HideSolutionNode = FALSE
	EndGlobalSection
	GlobalSection(ExtensibilityGlobals) = postSolution
		SolutionGuid = {A898CB12-6731-46A6-9647-F63200507FA7}
	EndGlobalSection
EndGlobal
